
Microsoft Visual Studio Solution File, Format Version 12.00
# Visual Studio Version 17
VisualStudioVersion = 17.13.35818.85
MinimumVisualStudioVersion = 10.0.40219.1
Project("{2150E333-8FDC-42A3-9474-1A3956D46DE8}") = "src", "src", "{02EA681E-C7D8-13C7-8484-4AC65E1B71E8}"
EndProject
Project("{2150E333-8FDC-42A3-9474-1A3956D46DE8}") = "API", "API", "{0578B268-D33B-4462-8DED-2BF4BAFFD35D}"
EndProject
Project("{2150E333-8FDC-42A3-9474-1A3956D46DE8}") = "Core", "Core", "{B4FCA5A6-11B5-44B9-BA18-AC407AA1F32F}"
EndProject
Project("{2150E333-8FDC-42A3-9474-1A3956D46DE8}") = "Infrastructure", "Infrastructure", "{3BB71F9E-2586-4F46-B2D4-BED0BFC023F2}"
EndProject
Project("{2150E333-8FDC-42A3-9474-1A3956D46DE8}") = "Common", "Common", "{DC7FA806-DD38-4252-8174-33667A30E559}"
EndProject
Project("{FAE04EC0-301F-11D3-BF4B-00C04F79EFBC}") = "DataConsulting.Inventory.API", "src\DataConsulting.Inventory.API\DataConsulting.Inventory.API.csproj", "{477B54F9-323F-46E7-BCA6-820E9FF59626}"
EndProject
Project("{FAE04EC0-301F-11D3-BF4B-00C04F79EFBC}") = "DataConsulting.Inventory.Domain", "src\DataConsulting.Inventory.Domain\DataConsulting.Inventory.Domain.csproj", "{C02F529C-5AAF-4A0A-91A4-D6DB4FB41BA0}"
EndProject
Project("{FAE04EC0-301F-11D3-BF4B-00C04F79EFBC}") = "DataConsulting.Inventory.Application", "src\DataConsulting.Inventory.Application\DataConsulting.Inventory.Application.csproj", "{D0464844-3408-4EB1-AC6B-05F3107181B9}"
EndProject
Project("{FAE04EC0-301F-11D3-BF4B-00C04F79EFBC}") = "DataConsulting.Inventory.Persistence", "src\DataConsulting.Inventory.Persistence\DataConsulting.Inventory.Persistence.csproj", "{DE7F33AE-EA08-4766-93DC-0364625EB3F4}"
EndProject
Project("{FAE04EC0-301F-11D3-BF4B-00C04F79EFBC}") = "DataConsulting.Inventory.External", "src\DataConsulting.Inventory.External\DataConsulting.Inventory.External.csproj", "{3D5DBE74-6F7F-4B7F-9C84-BE52CC0FE3F9}"
EndProject
Project("{FAE04EC0-301F-11D3-BF4B-00C04F79EFBC}") = "DataConsulting.Inventory.Common", "src\DataConsulting.Inventory.Common\DataConsulting.Inventory.Common.csproj", "{B0E07F17-8E98-4CEE-B656-2DB2EE930D45}"
EndProject
Project("{2150E333-8FDC-42A3-9474-1A3956D46DE8}") = "test", "test", "{30FCABAA-53E1-434F-BB99-251CA743DA2E}"
EndProject
Project("{FAE04EC0-301F-11D3-BF4B-00C04F79EFBC}") = "DataConsulting.Inventory.Application.UnitTests", "test\DataConsulting.Inventory.Application.UnitTests\DataConsulting.Inventory.Application.UnitTests.csproj", "{C32E3066-0D84-4221-9B0E-7AB59A3D414B}"
EndProject
Project("{FAE04EC0-301F-11D3-BF4B-00C04F79EFBC}") = "DataConsulting.Inventory.ArchitectureTests", "test\DataConsulting.Inventory.ArchitectureTests\DataConsulting.Inventory.ArchitectureTests.csproj", "{175D00C4-4048-4DFA-90E7-1B829BAFF4F6}"
EndProject
Project("{FAE04EC0-301F-11D3-BF4B-00C04F79EFBC}") = "DataConsulting.Inventory.Application.IntegrationTests", "test\DataConsulting.Inventory.Application.IntegrationTests\DataConsulting.Inventory.Application.IntegrationTests.csproj", "{630895D1-100B-4780-8398-1BE3A6C48D9F}"
EndProject
Project("{FAE04EC0-301F-11D3-BF4B-00C04F79EFBC}") = "DataConsulting.Inventory.Api.FunctionalTests", "test\DataConsulting.Inventory.Api.FunctionalTests\DataConsulting.Inventory.Api.FunctionalTests.csproj", "{3A7D6D2E-715D-4A21-A400-27E243BAA592}"
EndProject
Project("{FAE04EC0-301F-11D3-BF4B-00C04F79EFBC}") = "DataConsulting.Inventory.Domain.UnitTests", "test\DataConsulting.Inventory.Domain.UnitTests\DataConsulting.Inventory.Domain.UnitTests.csproj", "{5301DE61-2949-4E71-8EFA-1410A73436BB}"
EndProject
Global
	GlobalSection(SolutionConfigurationPlatforms) = preSolution
		Debug|Any CPU = Debug|Any CPU
		Release|Any CPU = Release|Any CPU
	EndGlobalSection
	GlobalSection(ProjectConfigurationPlatforms) = postSolution
		{477B54F9-323F-46E7-BCA6-820E9FF59626}.Debug|Any CPU.ActiveCfg = Debug|Any CPU
		{477B54F9-323F-46E7-BCA6-820E9FF59626}.Debug|Any CPU.Build.0 = Debug|Any CPU
		{477B54F9-323F-46E7-BCA6-820E9FF59626}.Release|Any CPU.ActiveCfg = Release|Any CPU
		{477B54F9-323F-46E7-BCA6-820E9FF59626}.Release|Any CPU.Build.0 = Release|Any CPU
		{C02F529C-5AAF-4A0A-91A4-D6DB4FB41BA0}.Debug|Any CPU.ActiveCfg = Debug|Any CPU
		{C02F529C-5AAF-4A0A-91A4-D6DB4FB41BA0}.Debug|Any CPU.Build.0 = Debug|Any CPU
		{C02F529C-5AAF-4A0A-91A4-D6DB4FB41BA0}.Release|Any CPU.ActiveCfg = Release|Any CPU
		{C02F529C-5AAF-4A0A-91A4-D6DB4FB41BA0}.Release|Any CPU.Build.0 = Release|Any CPU
		{D0464844-3408-4EB1-AC6B-05F3107181B9}.Debug|Any CPU.ActiveCfg = Debug|Any CPU
		{D0464844-3408-4EB1-AC6B-05F3107181B9}.Debug|Any CPU.Build.0 = Debug|Any CPU
		{D0464844-3408-4EB1-AC6B-05F3107181B9}.Release|Any CPU.ActiveCfg = Release|Any CPU
		{D0464844-3408-4EB1-AC6B-05F3107181B9}.Release|Any CPU.Build.0 = Release|Any CPU
		{DE7F33AE-EA08-4766-93DC-0364625EB3F4}.Debug|Any CPU.ActiveCfg = Debug|Any CPU
		{DE7F33AE-EA08-4766-93DC-0364625EB3F4}.Debug|Any CPU.Build.0 = Debug|Any CPU
		{DE7F33AE-EA08-4766-93DC-0364625EB3F4}.Release|Any CPU.ActiveCfg = Release|Any CPU
		{DE7F33AE-EA08-4766-93DC-0364625EB3F4}.Release|Any CPU.Build.0 = Release|Any CPU
		{3D5DBE74-6F7F-4B7F-9C84-BE52CC0FE3F9}.Debug|Any CPU.ActiveCfg = Debug|Any CPU
		{3D5DBE74-6F7F-4B7F-9C84-BE52CC0FE3F9}.Debug|Any CPU.Build.0 = Debug|Any CPU
		{3D5DBE74-6F7F-4B7F-9C84-BE52CC0FE3F9}.Release|Any CPU.ActiveCfg = Release|Any CPU
		{3D5DBE74-6F7F-4B7F-9C84-BE52CC0FE3F9}.Release|Any CPU.Build.0 = Release|Any CPU
		{B0E07F17-8E98-4CEE-B656-2DB2EE930D45}.Debug|Any CPU.ActiveCfg = Debug|Any CPU
		{B0E07F17-8E98-4CEE-B656-2DB2EE930D45}.Debug|Any CPU.Build.0 = Debug|Any CPU
		{B0E07F17-8E98-4CEE-B656-2DB2EE930D45}.Release|Any CPU.ActiveCfg = Release|Any CPU
		{B0E07F17-8E98-4CEE-B656-2DB2EE930D45}.Release|Any CPU.Build.0 = Release|Any CPU
		{C32E3066-0D84-4221-9B0E-7AB59A3D414B}.Debug|Any CPU.ActiveCfg = Debug|Any CPU
		{C32E3066-0D84-4221-9B0E-7AB59A3D414B}.Debug|Any CPU.Build.0 = Debug|Any CPU
		{C32E3066-0D84-4221-9B0E-7AB59A3D414B}.Release|Any CPU.ActiveCfg = Release|Any CPU
		{C32E3066-0D84-4221-9B0E-7AB59A3D414B}.Release|Any CPU.Build.0 = Release|Any CPU
		{175D00C4-4048-4DFA-90E7-1B829BAFF4F6}.Debug|Any CPU.ActiveCfg = Debug|Any CPU
		{175D00C4-4048-4DFA-90E7-1B829BAFF4F6}.Debug|Any CPU.Build.0 = Debug|Any CPU
		{175D00C4-4048-4DFA-90E7-1B829BAFF4F6}.Release|Any CPU.ActiveCfg = Release|Any CPU
		{175D00C4-4048-4DFA-90E7-1B829BAFF4F6}.Release|Any CPU.Build.0 = Release|Any CPU
		{630895D1-100B-4780-8398-1BE3A6C48D9F}.Debug|Any CPU.ActiveCfg = Debug|Any CPU
		{630895D1-100B-4780-8398-1BE3A6C48D9F}.Debug|Any CPU.Build.0 = Debug|Any CPU
		{630895D1-100B-4780-8398-1BE3A6C48D9F}.Release|Any CPU.ActiveCfg = Release|Any CPU
		{630895D1-100B-4780-8398-1BE3A6C48D9F}.Release|Any CPU.Build.0 = Release|Any CPU
		{3A7D6D2E-715D-4A21-A400-27E243BAA592}.Debug|Any CPU.ActiveCfg = Debug|Any CPU
		{3A7D6D2E-715D-4A21-A400-27E243BAA592}.Debug|Any CPU.Build.0 = Debug|Any CPU
		{3A7D6D2E-715D-4A21-A400-27E243BAA592}.Release|Any CPU.ActiveCfg = Release|Any CPU
		{3A7D6D2E-715D-4A21-A400-27E243BAA592}.Release|Any CPU.Build.0 = Release|Any CPU
		{5301DE61-2949-4E71-8EFA-1410A73436BB}.Debug|Any CPU.ActiveCfg = Debug|Any CPU
		{5301DE61-2949-4E71-8EFA-1410A73436BB}.Debug|Any CPU.Build.0 = Debug|Any CPU
		{5301DE61-2949-4E71-8EFA-1410A73436BB}.Release|Any CPU.ActiveCfg = Release|Any CPU
		{5301DE61-2949-4E71-8EFA-1410A73436BB}.Release|Any CPU.Build.0 = Release|Any CPU
	EndGlobalSection
	GlobalSection(SolutionProperties) = preSolution
		HideSolutionNode = FALSE
	EndGlobalSection
	GlobalSection(NestedProjects) = preSolution
		{0578B268-D33B-4462-8DED-2BF4BAFFD35D} = {02EA681E-C7D8-13C7-8484-4AC65E1B71E8}
		{B4FCA5A6-11B5-44B9-BA18-AC407AA1F32F} = {02EA681E-C7D8-13C7-8484-4AC65E1B71E8}
		{3BB71F9E-2586-4F46-B2D4-BED0BFC023F2} = {02EA681E-C7D8-13C7-8484-4AC65E1B71E8}
		{DC7FA806-DD38-4252-8174-33667A30E559} = {02EA681E-C7D8-13C7-8484-4AC65E1B71E8}
		{477B54F9-323F-46E7-BCA6-820E9FF59626} = {0578B268-D33B-4462-8DED-2BF4BAFFD35D}
		{C02F529C-5AAF-4A0A-91A4-D6DB4FB41BA0} = {B4FCA5A6-11B5-44B9-BA18-AC407AA1F32F}
		{D0464844-3408-4EB1-AC6B-05F3107181B9} = {B4FCA5A6-11B5-44B9-BA18-AC407AA1F32F}
		{DE7F33AE-EA08-4766-93DC-0364625EB3F4} = {3BB71F9E-2586-4F46-B2D4-BED0BFC023F2}
		{3D5DBE74-6F7F-4B7F-9C84-BE52CC0FE3F9} = {3BB71F9E-2586-4F46-B2D4-BED0BFC023F2}
		{B0E07F17-8E98-4CEE-B656-2DB2EE930D45} = {DC7FA806-DD38-4252-8174-33667A30E559}
		{C32E3066-0D84-4221-9B0E-7AB59A3D414B} = {30FCABAA-53E1-434F-BB99-251CA743DA2E}
		{175D00C4-4048-4DFA-90E7-1B829BAFF4F6} = {30FCABAA-53E1-434F-BB99-251CA743DA2E}
		{630895D1-100B-4780-8398-1BE3A6C48D9F} = {30FCABAA-53E1-434F-BB99-251CA743DA2E}
		{3A7D6D2E-715D-4A21-A400-27E243BAA592} = {30FCABAA-53E1-434F-BB99-251CA743DA2E}
		{5301DE61-2949-4E71-8EFA-1410A73436BB} = {30FCABAA-53E1-434F-BB99-251CA743DA2E}
	EndGlobalSection
	GlobalSection(ExtensibilityGlobals) = postSolution
		SolutionGuid = {A46112D7-C3DF-4F50-921B-A921B8C9263E}
	EndGlobalSection
EndGlobal
